
Microsoft Visual Studio Solution File, Format Version 12.00
# Visual Studio Version 17
VisualStudioVersion = 17.14.36511.14
MinimumVisualStudioVersion = 10.0.40219.1
Project("{FAE04EC0-301F-11D3-BF4B-00C04F79EFBC}") = "Neljuti se covece", "Neljuti se covece\Neljuti se covece.csproj", "{44A65EBC-69E0-4A2C-8B1F-B56592E3B740}"
EndProject
Project("{FAE04EC0-301F-11D3-BF4B-00C04F79EFBC}") = "Server", "Server\Server.csproj", "{8B86A787-6697-4B13-B172-A99AFFA1F47D}"
EndProject
Project("{FAE04EC0-301F-11D3-BF4B-00C04F79EFBC}") = "Klijent", "Klijent\Klijent.csproj", "{827A1848-0A89-40F7-94B1-A47330608DB0}"
EndProject
Global
	GlobalSection(SolutionConfigurationPlatforms) = preSolution
		Debug|Any CPU = Debug|Any CPU
		Release|Any CPU = Release|Any CPU
	EndGlobalSection
	GlobalSection(ProjectConfigurationPlatforms) = postSolution
		{44A65EBC-69E0-4A2C-8B1F-B56592E3B740}.Debug|Any CPU.ActiveCfg = Debug|Any CPU
		{44A65EBC-69E0-4A2C-8B1F-B56592E3B740}.Debug|Any CPU.Build.0 = Debug|Any CPU
		{44A65EBC-69E0-4A2C-8B1F-B56592E3B740}.Release|Any CPU.ActiveCfg = Release|Any CPU
		{44A65EBC-69E0-4A2C-8B1F-B56592E3B740}.Release|Any CPU.Build.0 = Release|Any CPU
		{8B86A787-6697-4B13-B172-A99AFFA1F47D}.Debug|Any CPU.ActiveCfg = Debug|Any CPU
		{8B86A787-6697-4B13-B172-A99AFFA1F47D}.Debug|Any CPU.Build.0 = Debug|Any CPU
		{8B86A787-6697-4B13-B172-A99AFFA1F47D}.Release|Any CPU.ActiveCfg = Release|Any CPU
		{8B86A787-6697-4B13-B172-A99AFFA1F47D}.Release|Any CPU.Build.0 = Release|Any CPU
		{827A1848-0A89-40F7-94B1-A47330608DB0}.Debug|Any CPU.ActiveCfg = Debug|Any CPU
		{827A1848-0A89-40F7-94B1-A47330608DB0}.Debug|Any CPU.Build.0 = Debug|Any CPU
		{827A1848-0A89-40F7-94B1-A47330608DB0}.Release|Any CPU.ActiveCfg = Release|Any CPU
		{827A1848-0A89-40F7-94B1-A47330608DB0}.Release|Any CPU.Build.0 = Release|Any CPU
	EndGlobalSection
	GlobalSection(SolutionProperties) = preSolution
		HideSolutionNode = FALSE
	EndGlobalSection
	GlobalSection(ExtensibilityGlobals) = postSolution
		SolutionGuid = {DD067F35-256F-4622-8A74-DA27E708C4D6}
	EndGlobalSection
EndGlobal
